// !$*UTF8*$!
{
	archiveVersion = 1;
	classes = {
	};
	objectVersion = 50;
	objects = {

/* Begin PBXBuildFile section */
		1C660E2B22792641002C3968 /* AppDelegate.swift in Sources */ = {isa = PBXBuildFile; fileRef = 1C660E2A22792641002C3968 /* AppDelegate.swift */; };
		1C660E2D22792641002C3968 /* ViewController.swift in Sources */ = {isa = PBXBuildFile; fileRef = 1C660E2C22792641002C3968 /* ViewController.swift */; };
		1C660E3022792641002C3968 /* Main.storyboard in Resources */ = {isa = PBXBuildFile; fileRef = 1C660E2E22792641002C3968 /* Main.storyboard */; };
		1C660E3222792642002C3968 /* Assets.xcassets in Resources */ = {isa = PBXBuildFile; fileRef = 1C660E3122792642002C3968 /* Assets.xcassets */; };
		1C660E3522792642002C3968 /* LaunchScreen.storyboard in Resources */ = {isa = PBXBuildFile; fileRef = 1C660E3322792642002C3968 /* LaunchScreen.storyboard */; };
		1C660E4022792642002C3968 /* ZoomPictureTests.swift in Sources */ = {isa = PBXBuildFile; fileRef = 1C660E3F22792642002C3968 /* ZoomPictureTests.swift */; };
/* End PBXBuildFile section */

/* Begin PBXContainerItemProxy section */
		1C660E3C22792642002C3968 /* PBXContainerItemProxy */ = {
			isa = PBXContainerItemProxy;
			containerPortal = 1C660E1F22792641002C3968 /* Project object */;
			proxyType = 1;
			remoteGlobalIDString = 1C660E2622792641002C3968;
			remoteInfo = ZoomPicture;
		};
/* End PBXContainerItemProxy section */

/* Begin PBXFileReference section */
		1C660E2722792641002C3968 /* ZoomPicture.app */ = {isa = PBXFileReference; explicitFileType = wrapper.application; includeInIndex = 0; path = ZoomPicture.app; sourceTree = BUILT_PRODUCTS_DIR; };
		1C660E2A22792641002C3968 /* AppDelegate.swift */ = {isa = PBXFileReference; lastKnownFileType = sourcecode.swift; path = AppDelegate.swift; sourceTree = "<group>"; };
		1C660E2C22792641002C3968 /* ViewController.swift */ = {isa = PBXFileReference; lastKnownFileType = sourcecode.swift; path = ViewController.swift; sourceTree = "<group>"; };
		1C660E2F22792641002C3968 /* Base */ = {isa = PBXFileReference; lastKnownFileType = file.storyboard; name = Base; path = Base.lproj/Main.storyboard; sourceTree = "<group>"; };
		1C660E3122792642002C3968 /* Assets.xcassets */ = {isa = PBXFileReference; lastKnownFileType = folder.assetcatalog; path = Assets.xcassets; sourceTree = "<group>"; };
		1C660E3422792642002C3968 /* Base */ = {isa = PBXFileReference; lastKnownFileType = file.storyboard; name = Base; path = Base.lproj/LaunchScreen.storyboard; sourceTree = "<group>"; };
		1C660E3622792642002C3968 /* Info.plist */ = {isa = PBXFileReference; lastKnownFileType = text.plist.xml; path = Info.plist; sourceTree = "<group>"; };
		1C660E3B22792642002C3968 /* ZoomPictureTests.xctest */ = {isa = PBXFileReference; explicitFileType = wrapper.cfbundle; includeInIndex = 0; path = ZoomPictureTests.xctest; sourceTree = BUILT_PRODUCTS_DIR; };
		1C660E3F22792642002C3968 /* ZoomPictureTests.swift */ = {isa = PBXFileReference; lastKnownFileType = sourcecode.swift; path = ZoomPictureTests.swift; sourceTree = "<group>"; };
		1C660E4122792643002C3968 /* Info.plist */ = {isa = PBXFileReference; lastKnownFileType = text.plist.xml; path = Info.plist; sourceTree = "<group>"; };
/* End PBXFileReference section */

/* Begin PBXFrameworksBuildPhase section */
		1C660E2422792641002C3968 /* Frameworks */ = {
			isa = PBXFrameworksBuildPhase;
			buildActionMask = 2147483647;
			files = (
			);
			runOnlyForDeploymentPostprocessing = 0;
		};
		1C660E3822792642002C3968 /* Frameworks */ = {
			isa = PBXFrameworksBuildPhase;
			buildActionMask = 2147483647;
			files = (
			);
			runOnlyForDeploymentPostprocessing = 0;
		};
/* End PBXFrameworksBuildPhase section */

/* Begin PBXGroup section */
		1C660E1E22792641002C3968 = {
			isa = PBXGroup;
			children = (
				1C660E2922792641002C3968 /* ZoomPicture */,
				1C660E3E22792642002C3968 /* ZoomPictureTests */,
				1C660E2822792641002C3968 /* Products */,
			);
			sourceTree = "<group>";
		};
		1C660E2822792641002C3968 /* Products */ = {
			isa = PBXGroup;
			children = (
				1C660E2722792641002C3968 /* ZoomPicture.app */,
				1C660E3B22792642002C3968 /* ZoomPictureTests.xctest */,
			);
			name = Products;
			sourceTree = "<group>";
		};
		1C660E2922792641002C3968 /* ZoomPicture */ = {
			isa = PBXGroup;
			children = (
				1C660E2A22792641002C3968 /* AppDelegate.swift */,
				1C660E2C22792641002C3968 /* ViewController.swift */,
				1C660E2E22792641002C3968 /* Main.storyboard */,
				1C660E3122792642002C3968 /* Assets.xcassets */,
				1C660E3322792642002C3968 /* LaunchScreen.storyboard */,
				1C660E3622792642002C3968 /* Info.plist */,
			);
			path = ZoomPicture;
			sourceTree = "<group>";
		};
		1C660E3E22792642002C3968 /* ZoomPictureTests */ = {
			isa = PBXGroup;
			children = (
				1C660E3F22792642002C3968 /* ZoomPictureTests.swift */,
				1C660E4122792643002C3968 /* Info.plist */,
			);
			path = ZoomPictureTests;
			sourceTree = "<group>";
		};
/* End PBXGroup section */

/* Begin PBXNativeTarget section */
		1C660E2622792641002C3968 /* ZoomPicture */ = {
			isa = PBXNativeTarget;
			buildConfigurationList = 1C660E4422792643002C3968 /* Build configuration list for PBXNativeTarget "ZoomPicture" */;
			buildPhases = (
				1C660E2322792641002C3968 /* Sources */,
				1C660E2422792641002C3968 /* Frameworks */,
				1C660E2522792641002C3968 /* Resources */,
			);
			buildRules = (
			);
			dependencies = (
			);
			name = ZoomPicture;
			productName = ZoomPicture;
			productReference = 1C660E2722792641002C3968 /* ZoomPicture.app */;
			productType = "com.apple.product-type.application";
		};
		1C660E3A22792642002C3968 /* ZoomPictureTests */ = {
			isa = PBXNativeTarget;
			buildConfigurationList = 1C660E4722792643002C3968 /* Build configuration list for PBXNativeTarget "ZoomPictureTests" */;
			buildPhases = (
				1C660E3722792642002C3968 /* Sources */,
				1C660E3822792642002C3968 /* Frameworks */,
				1C660E3922792642002C3968 /* Resources */,
			);
			buildRules = (
			);
			dependencies = (
				1C660E3D22792642002C3968 /* PBXTargetDependency */,
			);
			name = ZoomPictureTests;
			productName = ZoomPictureTests;
			productReference = 1C660E3B22792642002C3968 /* ZoomPictureTests.xctest */;
			productType = "com.apple.product-type.bundle.unit-test";
		};
/* End PBXNativeTarget section */

/* Begin PBXProject section */
		1C660E1F22792641002C3968 /* Project object */ = {
			isa = PBXProject;
			attributes = {
				LastSwiftUpdateCheck = 1020;
				LastUpgradeCheck = 1020;
				ORGANIZATIONNAME = "Khánh Trắng";
				TargetAttributes = {
					1C660E2622792641002C3968 = {
						CreatedOnToolsVersion = 10.2.1;
					};
					1C660E3A22792642002C3968 = {
						CreatedOnToolsVersion = 10.2.1;
						TestTargetID = 1C660E2622792641002C3968;
					};
				};
			};
			buildConfigurationList = 1C660E2222792641002C3968 /* Build configuration list for PBXProject "ZoomPicture" */;
			compatibilityVersion = "Xcode 9.3";
			developmentRegion = en;
			hasScannedForEncodings = 0;
			knownRegions = (
				en,
				Base,
			);
			mainGroup = 1C660E1E22792641002C3968;
			productRefGroup = 1C660E2822792641002C3968 /* Products */;
			projectDirPath = "";
			projectRoot = "";
			targets = (
				1C660E2622792641002C3968 /* ZoomPicture */,
				1C660E3A22792642002C3968 /* ZoomPictureTests */,
			);
		};
/* End PBXProject section */

/* Begin PBXResourcesBuildPhase section */
		1C660E2522792641002C3968 /* Resources */ = {
			isa = PBXResourcesBuildPhase;
			buildActionMask = 2147483647;
			files = (
				1C660E3522792642002C3968 /* LaunchScreen.storyboard in Resources */,
				1C660E3222792642002C3968 /* Assets.xcassets in Resources */,
				1C660E3022792641002C3968 /* Main.storyboard in Resources */,
			);
			runOnlyForDeploymentPostprocessing = 0;
		};
		1C660E3922792642002C3968 /* Resources */ = {
			isa = PBXResourcesBuildPhase;
			buildActionMask = 2147483647;
			files = (
			);
			runOnlyForDeploymentPostprocessing = 0;
		};
/* End PBXResourcesBuildPhase section */

/* Begin PBXSourcesBuildPhase section */
		1C660E2322792641002C3968 /* Sources */ = {
			isa = PBXSourcesBuildPhase;
			buildActionMask = 2147483647;
			files = (
				1C660E2D22792641002C3968 /* ViewController.swift in Sources */,
				1C660E2B22792641002C3968 /* AppDelegate.swift in Sources */,
			);
			runOnlyForDeploymentPostprocessing = 0;
		};
		1C660E3722792642002C3968 /* Sources */ = {
			isa = PBXSourcesBuildPhase;
			buildActionMask = 2147483647;
			files = (
				1C660E4022792642002C3968 /* ZoomPictureTests.swift in Sources */,
			);
			runOnlyForDeploymentPostprocessing = 0;
		};
/* End PBXSourcesBuildPhase section */

/* Begin PBXTargetDependency section */
		1C660E3D22792642002C3968 /* PBXTargetDependency */ = {
			isa = PBXTargetDependency;
			target = 1C660E2622792641002C3968 /* ZoomPicture */;
			targetProxy = 1C660E3C22792642002C3968 /* PBXContainerItemProxy */;
		};
/* End PBXTargetDependency section */

/* Begin PBXVariantGroup section */
		1C660E2E22792641002C3968 /* Main.storyboard */ = {
			isa = PBXVariantGroup;
			children = (
				1C660E2F22792641002C3968 /* Base */,
			);
			name = Main.storyboard;
			sourceTree = "<group>";
		};
		1C660E3322792642002C3968 /* LaunchScreen.storyboard */ = {
			isa = PBXVariantGroup;
			children = (
				1C660E3422792642002C3968 /* Base */,
			);
			name = LaunchScreen.storyboard;
			sourceTree = "<group>";
		};
/* End PBXVariantGroup section */

/* Begin XCBuildConfiguration section */
		1C660E4222792643002C3968 /* Debug */ = {
			isa = XCBuildConfiguration;
			buildSettings = {
				ALWAYS_SEARCH_USER_PATHS = NO;
				CLANG_ANALYZER_NONNULL = YES;
				CLANG_ANALYZER_NUMBER_OBJECT_CONVERSION = YES_AGGRESSIVE;
				CLANG_CXX_LANGUAGE_STANDARD = "gnu++14";
				CLANG_CXX_LIBRARY = "libc++";
				CLANG_ENABLE_MODULES = YES;
				CLANG_ENABLE_OBJC_ARC = YES;
				CLANG_ENABLE_OBJC_WEAK = YES;
				CLANG_WARN_BLOCK_CAPTURE_AUTORELEASING = YES;
				CLANG_WARN_BOOL_CONVERSION = YES;
				CLANG_WARN_COMMA = YES;
				CLANG_WARN_CONSTANT_CONVERSION = YES;
				CLANG_WARN_DEPRECATED_OBJC_IMPLEMENTATIONS = YES;
				CLANG_WARN_DIRECT_OBJC_ISA_USAGE = YES_ERROR;
				CLANG_WARN_DOCUMENTATION_COMMENTS = YES;
				CLANG_WARN_EMPTY_BODY = YES;
				CLANG_WARN_ENUM_CONVERSION = YES;
				CLANG_WARN_INFINITE_RECURSION = YES;
				CLANG_WARN_INT_CONVERSION = YES;
				CLANG_WARN_NON_LITERAL_NULL_CONVERSION = YES;
				CLANG_WARN_OBJC_IMPLICIT_RETAIN_SELF = YES;
				CLANG_WARN_OBJC_LITERAL_CONVERSION = YES;
				CLANG_WARN_OBJC_ROOT_CLASS = YES_ERROR;
				CLANG_WARN_RANGE_LOOP_ANALYSIS = YES;
				CLANG_WARN_STRICT_PROTOTYPES = YES;
				CLANG_WARN_SUSPICIOUS_MOVE = YES;
				CLANG_WARN_UNGUARDED_AVAILABILITY = YES_AGGRESSIVE;
				CLANG_WARN_UNREACHABLE_CODE = YES;
				CLANG_WARN__DUPLICATE_METHOD_MATCH = YES;
				CODE_SIGN_IDENTITY = "iPhone Developer";
				COPY_PHASE_STRIP = NO;
				DEBUG_INFORMATION_FORMAT = dwarf;
				ENABLE_STRICT_OBJC_MSGSEND = YES;
				ENABLE_TESTABILITY = YES;
				GCC_C_LANGUAGE_STANDARD = gnu11;
				GCC_DYNAMIC_NO_PIC = NO;
				GCC_NO_COMMON_BLOCKS = YES;
				GCC_OPTIMIZATION_LEVEL = 0;
				GCC_PREPROCESSOR_DEFINITIONS = (
					"DEBUG=1",
					"$(inherited)",
				);
				GCC_WARN_64_TO_32_BIT_CONVERSION = YES;
				GCC_WARN_ABOUT_RETURN_TYPE = YES_ERROR;
				GCC_WARN_UNDECLARED_SELECTOR = YES;
				GCC_WARN_UNINITIALIZED_AUTOS = YES_AGGRESSIVE;
				GCC_WARN_UNUSED_FUNCTION = YES;
				GCC_WARN_UNUSED_VARIABLE = YES;
				IPHONEOS_DEPLOYMENT_TARGET = 12.2;
				MTL_ENABLE_DEBUG_INFO = INCLUDE_SOURCE;
				MTL_FAST_MATH = YES;
				ONLY_ACTIVE_ARCH = YES;
				SDKROOT = iphoneos;
				SWIFT_ACTIVE_COMPILATION_CONDITIONS = DEBUG;
				SWIFT_OPTIMIZATION_LEVEL = "-Onone";
			};
			name = Debug;
		};
		1C660E4322792643002C3968 /* Release */ = {
			isa = XCBuildConfiguration;
			buildSettings = {
				ALWAYS_SEARCH_USER_PATHS = NO;
				CLANG_ANALYZER_NONNULL = YES;
				CLANG_ANALYZER_NUMBER_OBJECT_CONVERSION = YES_AGGRESSIVE;
				CLANG_CXX_LANGUAGE_STANDARD = "gnu++14";
				CLANG_CXX_LIBRARY = "libc++";
				CLANG_ENABLE_MODULES = YES;
				CLANG_ENABLE_OBJC_ARC = YES;
				CLANG_ENABLE_OBJC_WEAK = YES;
				CLANG_WARN_BLOCK_CAPTURE_AUTORELEASING = YES;
				CLANG_WARN_BOOL_CONVERSION = YES;
				CLANG_WARN_COMMA = YES;
				CLANG_WARN_CONSTANT_CONVERSION = YES;
				CLANG_WARN_DEPRECATED_OBJC_IMPLEMENTATIONS = YES;
				CLANG_WARN_DIRECT_OBJC_ISA_USAGE = YES_ERROR;
				CLANG_WARN_DOCUMENTATION_COMMENTS = YES;
				CLANG_WARN_EMPTY_BODY = YES;
				CLANG_WARN_ENUM_CONVERSION = YES;
				CLANG_WARN_INFINITE_RECURSION = YES;
				CLANG_WARN_INT_CONVERSION = YES;
				CLANG_WARN_NON_LITERAL_NULL_CONVERSION = YES;
				CLANG_WARN_OBJC_IMPLICIT_RETAIN_SELF = YES;
				CLANG_WARN_OBJC_LITERAL_CONVERSION = YES;
				CLANG_WARN_OBJC_ROOT_CLASS = YES_ERROR;
				CLANG_WARN_RANGE_LOOP_ANALYSIS = YES;
				CLANG_WARN_STRICT_PROTOTYPES = YES;
				CLANG_WARN_SUSPICIOUS_MOVE = YES;
				CLANG_WARN_UNGUARDED_AVAILABILITY = YES_AGGRESSIVE;
				CLANG_WARN_UNREACHABLE_CODE = YES;
				CLANG_WARN__DUPLICATE_METHOD_MATCH = YES;
				CODE_SIGN_IDENTITY = "iPhone Developer";
				COPY_PHASE_STRIP = NO;
				DEBUG_INFORMATION_FORMAT = "dwarf-with-dsym";
				ENABLE_NS_ASSERTIONS = NO;
				ENABLE_STRICT_OBJC_MSGSEND = YES;
				GCC_C_LANGUAGE_STANDARD = gnu11;
				GCC_NO_COMMON_BLOCKS = YES;
				GCC_WARN_64_TO_32_BIT_CONVERSION = YES;
				GCC_WARN_ABOUT_RETURN_TYPE = YES_ERROR;
				GCC_WARN_UNDECLARED_SELECTOR = YES;
				GCC_WARN_UNINITIALIZED_AUTOS = YES_AGGRESSIVE;
				GCC_WARN_UNUSED_FUNCTION = YES;
				GCC_WARN_UNUSED_VARIABLE = YES;
				IPHONEOS_DEPLOYMENT_TARGET = 12.2;
				MTL_ENABLE_DEBUG_INFO = NO;
				MTL_FAST_MATH = YES;
				SDKROOT = iphoneos;
				SWIFT_COMPILATION_MODE = wholemodule;
				SWIFT_OPTIMIZATION_LEVEL = "-O";
				VALIDATE_PRODUCT = YES;
			};
			name = Release;
		};
		1C660E4522792643002C3968 /* Debug */ = {
			isa = XCBuildConfiguration;
			buildSettings = {
				ASSETCATALOG_COMPILER_APPICON_NAME = AppIcon;
				CODE_SIGN_STYLE = Automatic;
				INFOPLIST_FILE = ZoomPicture/Info.plist;
				LD_RUNPATH_SEARCH_PATHS = (
					"$(inherited)",
					"@executable_path/Frameworks",
				);
				PRODUCT_BUNDLE_IDENTIFIER = harry.ZoomPicture;
				PRODUCT_NAME = "$(TARGET_NAME)";
				SWIFT_VERSION = 5.0;
				TARGETED_DEVICE_FAMILY = "1,2";
			};
			name = Debug;
		};
		1C660E4622792643002C3968 /* Release */ = {
			isa = XCBuildConfiguration;
			buildSettings = {
				ASSETCATALOG_COMPILER_APPICON_NAME = AppIcon;
				CODE_SIGN_STYLE = Automatic;
				INFOPLIST_FILE = ZoomPicture/Info.plist;
				LD_RUNPATH_SEARCH_PATHS = (
					"$(inherited)",
					"@executable_path/Frameworks",
				);
				PRODUCT_BUNDLE_IDENTIFIER = harry.ZoomPicture;
				PRODUCT_NAME = "$(TARGET_NAME)";
				SWIFT_VERSION = 5.0;
				TARGETED_DEVICE_FAMILY = "1,2";
			};
			name = Release;
		};
		1C660E4822792643002C3968 /* Debug */ = {
			isa = XCBuildConfiguration;
			buildSettings = {
				ALWAYS_EMBED_SWIFT_STANDARD_LIBRARIES = YES;
				BUNDLE_LOADER = "$(TEST_HOST)";
				CODE_SIGN_STYLE = Automatic;
				INFOPLIST_FILE = ZoomPictureTests/Info.plist;
				LD_RUNPATH_SEARCH_PATHS = (
					"$(inherited)",
					"@executable_path/Frameworks",
					"@loader_path/Frameworks",
				);
				PRODUCT_BUNDLE_IDENTIFIER = harry.ZoomPictureTests;
				PRODUCT_NAME = "$(TARGET_NAME)";
				SWIFT_VERSION = 5.0;
				TARGETED_DEVICE_FAMILY = "1,2";
				TEST_HOST = "$(BUILT_PRODUCTS_DIR)/ZoomPicture.app/ZoomPicture";
			};
			name = Debug;
		};
		1C660E4922792643002C3968 /* Release */ = {
			isa = XCBuildConfiguration;
			buildSettings = {
				ALWAYS_EMBED_SWIFT_STANDARD_LIBRARIES = YES;
				BUNDLE_LOADER = "$(TEST_HOST)";
				CODE_SIGN_STYLE = Automatic;
				INFOPLIST_FILE = ZoomPictureTests/Info.plist;
				LD_RUNPATH_SEARCH_PATHS = (
					"$(inherited)",
					"@executable_path/Frameworks",
					"@loader_path/Frameworks",
				);
				PRODUCT_BUNDLE_IDENTIFIER = harry.ZoomPictureTests;
				PRODUCT_NAME = "$(TARGET_NAME)";
				SWIFT_VERSION = 5.0;
				TARGETED_DEVICE_FAMILY = "1,2";
				TEST_HOST = "$(BUILT_PRODUCTS_DIR)/ZoomPicture.app/ZoomPicture";
			};
			name = Release;
		};
/* End XCBuildConfiguration section */

/* Begin XCConfigurationList section */
		1C660E2222792641002C3968 /* Build configuration list for PBXProject "ZoomPicture" */ = {
			isa = XCConfigurationList;
			buildConfigurations = (
				1C660E4222792643002C3968 /* Debug */,
				1C660E4322792643002C3968 /* Release */,
			);
			defaultConfigurationIsVisible = 0;
			defaultConfigurationName = Release;
		};
		1C660E4422792643002C3968 /* Build configuration list for PBXNativeTarget "ZoomPicture" */ = {
			isa = XCConfigurationList;
			buildConfigurations = (
				1C660E4522792643002C3968 /* Debug */,
				1C660E4622792643002C3968 /* Release */,
			);
			defaultConfigurationIsVisible = 0;
			defaultConfigurationName = Release;
		};
		1C660E4722792643002C3968 /* Build configuration list for PBXNativeTarget "ZoomPictureTests" */ = {
			isa = XCConfigurationList;
			buildConfigurations = (
				1C660E4822792643002C3968 /* Debug */,
				1C660E4922792643002C3968 /* Release */,
			);
			defaultConfigurationIsVisible = 0;
			defaultConfigurationName = Release;
		};
/* End XCConfigurationList section */
	};
	rootObject = 1C660E1F22792641002C3968 /* Project object */;
}
